
Microsoft Visual Studio Solution File, Format Version 12.00
# Visual Studio 15
VisualStudioVersion = 15.0.27130.0
MinimumVisualStudioVersion = 10.0.40219.1
Project("{FAE04EC0-301F-11D3-BF4B-00C04F79EFBC}") = "AuthIDPserver", "AuthIDPserver\AuthIDPserver.csproj", "{52F315FF-FD8D-41C8-A36E-CC5F03D2845B}"
EndProject
Global
	GlobalSection(SolutionConfigurationPlatforms) = preSolution
		Debug|Any CPU = Debug|Any CPU
		Release|Any CPU = Release|Any CPU
	EndGlobalSection
	GlobalSection(ProjectConfigurationPlatforms) = postSolution
		{52F315FF-FD8D-41C8-A36E-CC5F03D2845B}.Debug|Any CPU.ActiveCfg = Debug|Any CPU
		{52F315FF-FD8D-41C8-A36E-CC5F03D2845B}.Debug|Any CPU.Build.0 = Debug|Any CPU
		{52F315FF-FD8D-41C8-A36E-CC5F03D2845B}.Release|Any CPU.ActiveCfg = Release|Any CPU
		{52F315FF-FD8D-41C8-A36E-CC5F03D2845B}.Release|Any CPU.Build.0 = Release|Any CPU
	EndGlobalSection
	GlobalSection(SolutionProperties) = preSolution
		HideSolutionNode = FALSE
	EndGlobalSection
	GlobalSection(ExtensibilityGlobals) = postSolution
		SolutionGuid = {E1CA6A90-8FEE-4F1A-B35B-2ED25921C281}
	EndGlobalSection
EndGlobal
